{
  "name": "jumpshare_improvements",
  "version": "1.0.0",
  "lockfileVersion": 3,
  "requires": true,
  "packages": {
    "": {
      "name": "jumpshare_improvements",
      "version": "1.0.0",
      "license": "ISC",
      "dependencies": {
        "hls.js": "^1.0.3-0.canary.7275"
      }
    },
    "node_modules/hls.js": {
      "version": "1.0.3-0.canary.7275",
      "resolved": "https://registry.npmjs.org/hls.js/-/hls.js-1.0.3-0.canary.7275.tgz",
      "integrity": "sha512-l8y7S4Hq042OpcH91BX2DgGzIslSv8dYF+BQd7Ood+wdJo6qvo0+6bHRc/c+wubSXBbd8KdJDJ0k428zmDOTIQ==",
      "license": "Apache-2.0"
    }
  }
}
